
Microsoft Visual Studio Solution File, Format Version 12.00
# Visual Studio Version 16
VisualStudioVersion = 16.0.29123.88
MinimumVisualStudioVersion = 10.0.40219.1
Project("{FAE04EC0-301F-11D3-BF4B-00C04F79EFBC}") = "Myleasing.Common", "Myleasing.Common\Myleasing.Common.csproj", "{FB3684E2-34E4-4F0A-B1B9-EA1809FEDD8B}"
EndProject
Project("{FAE04EC0-301F-11D3-BF4B-00C04F79EFBC}") = "Myleasing.Web", "Myleasing.Web\Myleasing.Web.csproj", "{B1296081-B3B3-49F6-B3E7-D0C0ADDA0576}"
EndProject
Global
	GlobalSection(SolutionConfigurationPlatforms) = preSolution
		Debug|Any CPU = Debug|Any CPU
		Release|Any CPU = Release|Any CPU
	EndGlobalSection
	GlobalSection(ProjectConfigurationPlatforms) = postSolution
		{FB3684E2-34E4-4F0A-B1B9-EA1809FEDD8B}.Debug|Any CPU.ActiveCfg = Debug|Any CPU
		{FB3684E2-34E4-4F0A-B1B9-EA1809FEDD8B}.Debug|Any CPU.Build.0 = Debug|Any CPU
		{FB3684E2-34E4-4F0A-B1B9-EA1809FEDD8B}.Release|Any CPU.ActiveCfg = Release|Any CPU
		{FB3684E2-34E4-4F0A-B1B9-EA1809FEDD8B}.Release|Any CPU.Build.0 = Release|Any CPU
		{B1296081-B3B3-49F6-B3E7-D0C0ADDA0576}.Debug|Any CPU.ActiveCfg = Debug|Any CPU
		{B1296081-B3B3-49F6-B3E7-D0C0ADDA0576}.Debug|Any CPU.Build.0 = Debug|Any CPU
		{B1296081-B3B3-49F6-B3E7-D0C0ADDA0576}.Release|Any CPU.ActiveCfg = Release|Any CPU
		{B1296081-B3B3-49F6-B3E7-D0C0ADDA0576}.Release|Any CPU.Build.0 = Release|Any CPU
	EndGlobalSection
	GlobalSection(SolutionProperties) = preSolution
		HideSolutionNode = FALSE
	EndGlobalSection
	GlobalSection(ExtensibilityGlobals) = postSolution
		SolutionGuid = {B3437596-7395-4D00-B962-AA1D80957635}
	EndGlobalSection
EndGlobal
